// !$*UTF8*$!
{
	archiveVersion = 1;
	classes = {
	};
	objectVersion = 55;
	objects = {

/* Begin PBXBuildFile section */
		689D5F1A298D3238009A9DAB /* VideosListView.swift in Sources */ = {isa = PBXBuildFile; fileRef = 689D5F19298D3238009A9DAB /* VideosListView.swift */; };
		689D5F1C298D3251009A9DAB /* VideosListViewModel.swift in Sources */ = {isa = PBXBuildFile; fileRef = 689D5F1B298D3251009A9DAB /* VideosListViewModel.swift */; };
		689D5F1E298D3279009A9DAB /* VideoRow.swift in Sources */ = {isa = PBXBuildFile; fileRef = 689D5F1D298D3279009A9DAB /* VideoRow.swift */; };
		689D5F20298D3284009A9DAB /* VideoRowViewModel.swift in Sources */ = {isa = PBXBuildFile; fileRef = 689D5F1F298D3284009A9DAB /* VideoRowViewModel.swift */; };
		689D5F23298D3578009A9DAB /* Responses.swift in Sources */ = {isa = PBXBuildFile; fileRef = 689D5F22298D3578009A9DAB /* Responses.swift */; };
		689D5F25298D358F009A9DAB /* LessonsFetcher.swift in Sources */ = {isa = PBXBuildFile; fileRef = 689D5F24298D358F009A9DAB /* LessonsFetcher.swift */; };
		689D5F27298D35A0009A9DAB /* LessonsError.swift in Sources */ = {isa = PBXBuildFile; fileRef = 689D5F26298D35A0009A9DAB /* LessonsError.swift */; };
		689D5F29298D35E5009A9DAB /* VideoDescriptionView.swift in Sources */ = {isa = PBXBuildFile; fileRef = 689D5F28298D35E5009A9DAB /* VideoDescriptionView.swift */; };
		689D5F2B298D35EC009A9DAB /* VideoDescriptionViewModel.swift in Sources */ = {isa = PBXBuildFile; fileRef = 689D5F2A298D35EC009A9DAB /* VideoDescriptionViewModel.swift */; };
		689D5F2F298D5C98009A9DAB /* Parsing.swift in Sources */ = {isa = PBXBuildFile; fileRef = 689D5F2E298D5C98009A9DAB /* Parsing.swift */; };
		68F05F52298C869700FEDAFD /* AppDelegate.swift in Sources */ = {isa = PBXBuildFile; fileRef = 68F05F51298C869700FEDAFD /* AppDelegate.swift */; };
		68F05F54298C869700FEDAFD /* SceneDelegate.swift in Sources */ = {isa = PBXBuildFile; fileRef = 68F05F53298C869700FEDAFD /* SceneDelegate.swift */; };
		68F05F5B298C869800FEDAFD /* Assets.xcassets in Resources */ = {isa = PBXBuildFile; fileRef = 68F05F5A298C869800FEDAFD /* Assets.xcassets */; };
		68F05F5E298C869800FEDAFD /* LaunchScreen.storyboard in Resources */ = {isa = PBXBuildFile; fileRef = 68F05F5C298C869800FEDAFD /* LaunchScreen.storyboard */; };
/* End PBXBuildFile section */

/* Begin PBXFileReference section */
		689D5F19298D3238009A9DAB /* VideosListView.swift */ = {isa = PBXFileReference; lastKnownFileType = sourcecode.swift; path = VideosListView.swift; sourceTree = "<group>"; };
		689D5F1B298D3251009A9DAB /* VideosListViewModel.swift */ = {isa = PBXFileReference; lastKnownFileType = sourcecode.swift; path = VideosListViewModel.swift; sourceTree = "<group>"; };
		689D5F1D298D3279009A9DAB /* VideoRow.swift */ = {isa = PBXFileReference; lastKnownFileType = sourcecode.swift; path = VideoRow.swift; sourceTree = "<group>"; };
		689D5F1F298D3284009A9DAB /* VideoRowViewModel.swift */ = {isa = PBXFileReference; lastKnownFileType = sourcecode.swift; path = VideoRowViewModel.swift; sourceTree = "<group>"; };
		689D5F22298D3578009A9DAB /* Responses.swift */ = {isa = PBXFileReference; lastKnownFileType = sourcecode.swift; path = Responses.swift; sourceTree = "<group>"; };
		689D5F24298D358F009A9DAB /* LessonsFetcher.swift */ = {isa = PBXFileReference; lastKnownFileType = sourcecode.swift; path = LessonsFetcher.swift; sourceTree = "<group>"; };
		689D5F26298D35A0009A9DAB /* LessonsError.swift */ = {isa = PBXFileReference; lastKnownFileType = sourcecode.swift; path = LessonsError.swift; sourceTree = "<group>"; };
		689D5F28298D35E5009A9DAB /* VideoDescriptionView.swift */ = {isa = PBXFileReference; lastKnownFileType = sourcecode.swift; path = VideoDescriptionView.swift; sourceTree = "<group>"; };
		689D5F2A298D35EC009A9DAB /* VideoDescriptionViewModel.swift */ = {isa = PBXFileReference; lastKnownFileType = sourcecode.swift; path = VideoDescriptionViewModel.swift; sourceTree = "<group>"; };
		689D5F2E298D5C98009A9DAB /* Parsing.swift */ = {isa = PBXFileReference; lastKnownFileType = sourcecode.swift; path = Parsing.swift; sourceTree = "<group>"; };
		68F05F4E298C869700FEDAFD /* iPhonePhotographySchoolTest.app */ = {isa = PBXFileReference; explicitFileType = wrapper.application; includeInIndex = 0; path = iPhonePhotographySchoolTest.app; sourceTree = BUILT_PRODUCTS_DIR; };
		68F05F51298C869700FEDAFD /* AppDelegate.swift */ = {isa = PBXFileReference; lastKnownFileType = sourcecode.swift; path = AppDelegate.swift; sourceTree = "<group>"; };
		68F05F53298C869700FEDAFD /* SceneDelegate.swift */ = {isa = PBXFileReference; lastKnownFileType = sourcecode.swift; path = SceneDelegate.swift; sourceTree = "<group>"; };
		68F05F5A298C869800FEDAFD /* Assets.xcassets */ = {isa = PBXFileReference; lastKnownFileType = folder.assetcatalog; path = Assets.xcassets; sourceTree = "<group>"; };
		68F05F5D298C869800FEDAFD /* Base */ = {isa = PBXFileReference; lastKnownFileType = file.storyboard; name = Base; path = Base.lproj/LaunchScreen.storyboard; sourceTree = "<group>"; };
		68F05F5F298C869800FEDAFD /* Info.plist */ = {isa = PBXFileReference; lastKnownFileType = text.plist.xml; path = Info.plist; sourceTree = "<group>"; };
/* End PBXFileReference section */

/* Begin PBXFrameworksBuildPhase section */
		68F05F4B298C869700FEDAFD /* Frameworks */ = {
			isa = PBXFrameworksBuildPhase;
			buildActionMask = 2147483647;
			files = (
			);
			runOnlyForDeploymentPostprocessing = 0;
		};
/* End PBXFrameworksBuildPhase section */

/* Begin PBXGroup section */
		689D5F18298D30B7009A9DAB /* VideoDescription */ = {
			isa = PBXGroup;
			children = (
				689D5F28298D35E5009A9DAB /* VideoDescriptionView.swift */,
				689D5F2A298D35EC009A9DAB /* VideoDescriptionViewModel.swift */,
			);
			path = VideoDescription;
			sourceTree = "<group>";
		};
		689D5F21298D353A009A9DAB /* LessonsAPI */ = {
			isa = PBXGroup;
			children = (
				689D5F22298D3578009A9DAB /* Responses.swift */,
				689D5F24298D358F009A9DAB /* LessonsFetcher.swift */,
				689D5F26298D35A0009A9DAB /* LessonsError.swift */,
			);
			path = LessonsAPI;
			sourceTree = "<group>";
		};
		689D5F2C298D35FF009A9DAB /* Utilities */ = {
			isa = PBXGroup;
			children = (
				689D5F2D298D5C75009A9DAB /* Parsing */,
			);
			path = Utilities;
			sourceTree = "<group>";
		};
		689D5F2D298D5C75009A9DAB /* Parsing */ = {
			isa = PBXGroup;
			children = (
				689D5F2E298D5C98009A9DAB /* Parsing.swift */,
			);
			path = Parsing;
			sourceTree = "<group>";
		};
		68F05F45298C869700FEDAFD = {
			isa = PBXGroup;
			children = (
				68F05F50298C869700FEDAFD /* iPhonePhotographySchoolTest */,
				68F05F4F298C869700FEDAFD /* Products */,
			);
			sourceTree = "<group>";
		};
		68F05F4F298C869700FEDAFD /* Products */ = {
			isa = PBXGroup;
			children = (
				68F05F4E298C869700FEDAFD /* iPhonePhotographySchoolTest.app */,
			);
			name = Products;
			sourceTree = "<group>";
		};
		68F05F50298C869700FEDAFD /* iPhonePhotographySchoolTest */ = {
			isa = PBXGroup;
			children = (
				68F05F5F298C869800FEDAFD /* Info.plist */,
				689D5F2C298D35FF009A9DAB /* Utilities */,
				68F05F65298C873000FEDAFD /* Supporting Files */,
				68F05F66298D2F5700FEDAFD /* iPhonePhotographySchool */,
			);
			path = iPhonePhotographySchoolTest;
			sourceTree = "<group>";
		};
		68F05F65298C873000FEDAFD /* Supporting Files */ = {
			isa = PBXGroup;
			children = (
				68F05F51298C869700FEDAFD /* AppDelegate.swift */,
				68F05F53298C869700FEDAFD /* SceneDelegate.swift */,
				68F05F5A298C869800FEDAFD /* Assets.xcassets */,
				68F05F5C298C869800FEDAFD /* LaunchScreen.storyboard */,
			);
			path = "Supporting Files";
			sourceTree = "<group>";
		};
		68F05F66298D2F5700FEDAFD /* iPhonePhotographySchool */ = {
			isa = PBXGroup;
			children = (
				68F05F67298D2F7D00FEDAFD /* VideosList */,
				689D5F18298D30B7009A9DAB /* VideoDescription */,
				689D5F21298D353A009A9DAB /* LessonsAPI */,
			);
			path = iPhonePhotographySchool;
			sourceTree = "<group>";
		};
		68F05F67298D2F7D00FEDAFD /* VideosList */ = {
			isa = PBXGroup;
			children = (
				689D5F19298D3238009A9DAB /* VideosListView.swift */,
				689D5F1B298D3251009A9DAB /* VideosListViewModel.swift */,
				689D5F1D298D3279009A9DAB /* VideoRow.swift */,
				689D5F1F298D3284009A9DAB /* VideoRowViewModel.swift */,
			);
			path = VideosList;
			sourceTree = "<group>";
		};
/* End PBXGroup section */

/* Begin PBXNativeTarget section */
		68F05F4D298C869700FEDAFD /* iPhonePhotographySchoolTest */ = {
			isa = PBXNativeTarget;
			buildConfigurationList = 68F05F62298C869800FEDAFD /* Build configuration list for PBXNativeTarget "iPhonePhotographySchoolTest" */;
			buildPhases = (
				68F05F4A298C869700FEDAFD /* Sources */,
				68F05F4B298C869700FEDAFD /* Frameworks */,
				68F05F4C298C869700FEDAFD /* Resources */,
			);
			buildRules = (
			);
			dependencies = (
			);
			name = iPhonePhotographySchoolTest;
			productName = iPhonePhotographySchoolTest;
			productReference = 68F05F4E298C869700FEDAFD /* iPhonePhotographySchoolTest.app */;
			productType = "com.apple.product-type.application";
		};
/* End PBXNativeTarget section */

/* Begin PBXProject section */
		68F05F46298C869700FEDAFD /* Project object */ = {
			isa = PBXProject;
			attributes = {
				BuildIndependentTargetsInParallel = 1;
				LastSwiftUpdateCheck = 1340;
				LastUpgradeCheck = 1340;
				TargetAttributes = {
					68F05F4D298C869700FEDAFD = {
						CreatedOnToolsVersion = 13.4.1;
					};
				};
			};
			buildConfigurationList = 68F05F49298C869700FEDAFD /* Build configuration list for PBXProject "iPhonePhotographySchoolTest" */;
			compatibilityVersion = "Xcode 13.0";
			developmentRegion = en;
			hasScannedForEncodings = 0;
			knownRegions = (
				en,
				Base,
			);
			mainGroup = 68F05F45298C869700FEDAFD;
			productRefGroup = 68F05F4F298C869700FEDAFD /* Products */;
			projectDirPath = "";
			projectRoot = "";
			targets = (
				68F05F4D298C869700FEDAFD /* iPhonePhotographySchoolTest */,
			);
		};
/* End PBXProject section */

/* Begin PBXResourcesBuildPhase section */
		68F05F4C298C869700FEDAFD /* Resources */ = {
			isa = PBXResourcesBuildPhase;
			buildActionMask = 2147483647;
			files = (
				68F05F5E298C869800FEDAFD /* LaunchScreen.storyboard in Resources */,
				68F05F5B298C869800FEDAFD /* Assets.xcassets in Resources */,
			);
			runOnlyForDeploymentPostprocessing = 0;
		};
/* End PBXResourcesBuildPhase section */

/* Begin PBXSourcesBuildPhase section */
		68F05F4A298C869700FEDAFD /* Sources */ = {
			isa = PBXSourcesBuildPhase;
			buildActionMask = 2147483647;
			files = (
				68F05F52298C869700FEDAFD /* AppDelegate.swift in Sources */,
				68F05F54298C869700FEDAFD /* SceneDelegate.swift in Sources */,
				689D5F27298D35A0009A9DAB /* LessonsError.swift in Sources */,
				689D5F29298D35E5009A9DAB /* VideoDescriptionView.swift in Sources */,
				689D5F2F298D5C98009A9DAB /* Parsing.swift in Sources */,
				689D5F1E298D3279009A9DAB /* VideoRow.swift in Sources */,
				689D5F20298D3284009A9DAB /* VideoRowViewModel.swift in Sources */,
				689D5F1C298D3251009A9DAB /* VideosListViewModel.swift in Sources */,
				689D5F2B298D35EC009A9DAB /* VideoDescriptionViewModel.swift in Sources */,
				689D5F23298D3578009A9DAB /* Responses.swift in Sources */,
				689D5F1A298D3238009A9DAB /* VideosListView.swift in Sources */,
				689D5F25298D358F009A9DAB /* LessonsFetcher.swift in Sources */,
			);
			runOnlyForDeploymentPostprocessing = 0;
		};
/* End PBXSourcesBuildPhase section */

/* Begin PBXVariantGroup section */
		68F05F5C298C869800FEDAFD /* LaunchScreen.storyboard */ = {
			isa = PBXVariantGroup;
			children = (
				68F05F5D298C869800FEDAFD /* Base */,
			);
			name = LaunchScreen.storyboard;
			sourceTree = "<group>";
		};
/* End PBXVariantGroup section */

/* Begin XCBuildConfiguration section */
		68F05F60298C869800FEDAFD /* Debug */ = {
			isa = XCBuildConfiguration;
			buildSettings = {
				ALWAYS_SEARCH_USER_PATHS = NO;
				CLANG_ANALYZER_NONNULL = YES;
				CLANG_ANALYZER_NUMBER_OBJECT_CONVERSION = YES_AGGRESSIVE;
				CLANG_CXX_LANGUAGE_STANDARD = "gnu++17";
				CLANG_ENABLE_MODULES = YES;
				CLANG_ENABLE_OBJC_ARC = YES;
				CLANG_ENABLE_OBJC_WEAK = YES;
				CLANG_WARN_BLOCK_CAPTURE_AUTORELEASING = YES;
				CLANG_WARN_BOOL_CONVERSION = YES;
				CLANG_WARN_COMMA = YES;
				CLANG_WARN_CONSTANT_CONVERSION = YES;
				CLANG_WARN_DEPRECATED_OBJC_IMPLEMENTATIONS = YES;
				CLANG_WARN_DIRECT_OBJC_ISA_USAGE = YES_ERROR;
				CLANG_WARN_DOCUMENTATION_COMMENTS = YES;
				CLANG_WARN_EMPTY_BODY = YES;
				CLANG_WARN_ENUM_CONVERSION = YES;
				CLANG_WARN_INFINITE_RECURSION = YES;
				CLANG_WARN_INT_CONVERSION = YES;
				CLANG_WARN_NON_LITERAL_NULL_CONVERSION = YES;
				CLANG_WARN_OBJC_IMPLICIT_RETAIN_SELF = YES;
				CLANG_WARN_OBJC_LITERAL_CONVERSION = YES;
				CLANG_WARN_OBJC_ROOT_CLASS = YES_ERROR;
				CLANG_WARN_QUOTED_INCLUDE_IN_FRAMEWORK_HEADER = YES;
				CLANG_WARN_RANGE_LOOP_ANALYSIS = YES;
				CLANG_WARN_STRICT_PROTOTYPES = YES;
				CLANG_WARN_SUSPICIOUS_MOVE = YES;
				CLANG_WARN_UNGUARDED_AVAILABILITY = YES_AGGRESSIVE;
				CLANG_WARN_UNREACHABLE_CODE = YES;
				CLANG_WARN__DUPLICATE_METHOD_MATCH = YES;
				COPY_PHASE_STRIP = NO;
				DEBUG_INFORMATION_FORMAT = dwarf;
				ENABLE_STRICT_OBJC_MSGSEND = YES;
				ENABLE_TESTABILITY = YES;
				GCC_C_LANGUAGE_STANDARD = gnu11;
				GCC_DYNAMIC_NO_PIC = NO;
				GCC_NO_COMMON_BLOCKS = YES;
				GCC_OPTIMIZATION_LEVEL = 0;
				GCC_PREPROCESSOR_DEFINITIONS = (
					"DEBUG=1",
					"$(inherited)",
				);
				GCC_WARN_64_TO_32_BIT_CONVERSION = YES;
				GCC_WARN_ABOUT_RETURN_TYPE = YES_ERROR;
				GCC_WARN_UNDECLARED_SELECTOR = YES;
				GCC_WARN_UNINITIALIZED_AUTOS = YES_AGGRESSIVE;
				GCC_WARN_UNUSED_FUNCTION = YES;
				GCC_WARN_UNUSED_VARIABLE = YES;
				IPHONEOS_DEPLOYMENT_TARGET = 15.5;
				MTL_ENABLE_DEBUG_INFO = INCLUDE_SOURCE;
				MTL_FAST_MATH = YES;
				ONLY_ACTIVE_ARCH = YES;
				SDKROOT = iphoneos;
				SWIFT_ACTIVE_COMPILATION_CONDITIONS = DEBUG;
				SWIFT_OPTIMIZATION_LEVEL = "-Onone";
			};
			name = Debug;
		};
		68F05F61298C869800FEDAFD /* Release */ = {
			isa = XCBuildConfiguration;
			buildSettings = {
				ALWAYS_SEARCH_USER_PATHS = NO;
				CLANG_ANALYZER_NONNULL = YES;
				CLANG_ANALYZER_NUMBER_OBJECT_CONVERSION = YES_AGGRESSIVE;
				CLANG_CXX_LANGUAGE_STANDARD = "gnu++17";
				CLANG_ENABLE_MODULES = YES;
				CLANG_ENABLE_OBJC_ARC = YES;
				CLANG_ENABLE_OBJC_WEAK = YES;
				CLANG_WARN_BLOCK_CAPTURE_AUTORELEASING = YES;
				CLANG_WARN_BOOL_CONVERSION = YES;
				CLANG_WARN_COMMA = YES;
				CLANG_WARN_CONSTANT_CONVERSION = YES;
				CLANG_WARN_DEPRECATED_OBJC_IMPLEMENTATIONS = YES;
				CLANG_WARN_DIRECT_OBJC_ISA_USAGE = YES_ERROR;
				CLANG_WARN_DOCUMENTATION_COMMENTS = YES;
				CLANG_WARN_EMPTY_BODY = YES;
				CLANG_WARN_ENUM_CONVERSION = YES;
				CLANG_WARN_INFINITE_RECURSION = YES;
				CLANG_WARN_INT_CONVERSION = YES;
				CLANG_WARN_NON_LITERAL_NULL_CONVERSION = YES;
				CLANG_WARN_OBJC_IMPLICIT_RETAIN_SELF = YES;
				CLANG_WARN_OBJC_LITERAL_CONVERSION = YES;
				CLANG_WARN_OBJC_ROOT_CLASS = YES_ERROR;
				CLANG_WARN_QUOTED_INCLUDE_IN_FRAMEWORK_HEADER = YES;
				CLANG_WARN_RANGE_LOOP_ANALYSIS = YES;
				CLANG_WARN_STRICT_PROTOTYPES = YES;
				CLANG_WARN_SUSPICIOUS_MOVE = YES;
				CLANG_WARN_UNGUARDED_AVAILABILITY = YES_AGGRESSIVE;
				CLANG_WARN_UNREACHABLE_CODE = YES;
				CLANG_WARN__DUPLICATE_METHOD_MATCH = YES;
				COPY_PHASE_STRIP = NO;
				DEBUG_INFORMATION_FORMAT = "dwarf-with-dsym";
				ENABLE_NS_ASSERTIONS = NO;
				ENABLE_STRICT_OBJC_MSGSEND = YES;
				GCC_C_LANGUAGE_STANDARD = gnu11;
				GCC_NO_COMMON_BLOCKS = YES;
				GCC_WARN_64_TO_32_BIT_CONVERSION = YES;
				GCC_WARN_ABOUT_RETURN_TYPE = YES_ERROR;
				GCC_WARN_UNDECLARED_SELECTOR = YES;
				GCC_WARN_UNINITIALIZED_AUTOS = YES_AGGRESSIVE;
				GCC_WARN_UNUSED_FUNCTION = YES;
				GCC_WARN_UNUSED_VARIABLE = YES;
				IPHONEOS_DEPLOYMENT_TARGET = 15.5;
				MTL_ENABLE_DEBUG_INFO = NO;
				MTL_FAST_MATH = YES;
				SDKROOT = iphoneos;
				SWIFT_COMPILATION_MODE = wholemodule;
				SWIFT_OPTIMIZATION_LEVEL = "-O";
				VALIDATE_PRODUCT = YES;
			};
			name = Release;
		};
		68F05F63298C869800FEDAFD /* Debug */ = {
			isa = XCBuildConfiguration;
			buildSettings = {
				ASSETCATALOG_COMPILER_APPICON_NAME = AppIcon;
				ASSETCATALOG_COMPILER_GLOBAL_ACCENT_COLOR_NAME = AccentColor;
				CODE_SIGN_STYLE = Automatic;
				CURRENT_PROJECT_VERSION = 1;
				DEVELOPMENT_TEAM = 2Z55LCD455;
				GENERATE_INFOPLIST_FILE = YES;
				INFOPLIST_FILE = iPhonePhotographySchoolTest/Info.plist;
				INFOPLIST_KEY_UIApplicationSupportsIndirectInputEvents = YES;
				INFOPLIST_KEY_UILaunchStoryboardName = LaunchScreen;
				INFOPLIST_KEY_UISupportedInterfaceOrientations_iPad = "UIInterfaceOrientationPortrait UIInterfaceOrientationPortraitUpsideDown UIInterfaceOrientationLandscapeLeft UIInterfaceOrientationLandscapeRight";
				INFOPLIST_KEY_UISupportedInterfaceOrientations_iPhone = "UIInterfaceOrientationPortrait UIInterfaceOrientationLandscapeLeft UIInterfaceOrientationLandscapeRight";
				LD_RUNPATH_SEARCH_PATHS = (
					"$(inherited)",
					"@executable_path/Frameworks",
				);
				MARKETING_VERSION = 1.0;
				PRODUCT_BUNDLE_IDENTIFIER = Eyad.iPhonePhotographySchoolTest;
				PRODUCT_NAME = "$(TARGET_NAME)";
				SWIFT_EMIT_LOC_STRINGS = YES;
				SWIFT_VERSION = 5.0;
				TARGETED_DEVICE_FAMILY = "1,2";
			};
			name = Debug;
		};
		68F05F64298C869800FEDAFD /* Release */ = {
			isa = XCBuildConfiguration;
			buildSettings = {
				ASSETCATALOG_COMPILER_APPICON_NAME = AppIcon;
				ASSETCATALOG_COMPILER_GLOBAL_ACCENT_COLOR_NAME = AccentColor;
				CODE_SIGN_STYLE = Automatic;
				CURRENT_PROJECT_VERSION = 1;
				DEVELOPMENT_TEAM = 2Z55LCD455;
				GENERATE_INFOPLIST_FILE = YES;
				INFOPLIST_FILE = iPhonePhotographySchoolTest/Info.plist;
				INFOPLIST_KEY_UIApplicationSupportsIndirectInputEvents = YES;
				INFOPLIST_KEY_UILaunchStoryboardName = LaunchScreen;
				INFOPLIST_KEY_UISupportedInterfaceOrientations_iPad = "UIInterfaceOrientationPortrait UIInterfaceOrientationPortraitUpsideDown UIInterfaceOrientationLandscapeLeft UIInterfaceOrientationLandscapeRight";
				INFOPLIST_KEY_UISupportedInterfaceOrientations_iPhone = "UIInterfaceOrientationPortrait UIInterfaceOrientationLandscapeLeft UIInterfaceOrientationLandscapeRight";
				LD_RUNPATH_SEARCH_PATHS = (
					"$(inherited)",
					"@executable_path/Frameworks",
				);
				MARKETING_VERSION = 1.0;
				PRODUCT_BUNDLE_IDENTIFIER = Eyad.iPhonePhotographySchoolTest;
				PRODUCT_NAME = "$(TARGET_NAME)";
				SWIFT_EMIT_LOC_STRINGS = YES;
				SWIFT_VERSION = 5.0;
				TARGETED_DEVICE_FAMILY = "1,2";
			};
			name = Release;
		};
/* End XCBuildConfiguration section */

/* Begin XCConfigurationList section */
		68F05F49298C869700FEDAFD /* Build configuration list for PBXProject "iPhonePhotographySchoolTest" */ = {
			isa = XCConfigurationList;
			buildConfigurations = (
				68F05F60298C869800FEDAFD /* Debug */,
				68F05F61298C869800FEDAFD /* Release */,
			);
			defaultConfigurationIsVisible = 0;
			defaultConfigurationName = Release;
		};
		68F05F62298C869800FEDAFD /* Build configuration list for PBXNativeTarget "iPhonePhotographySchoolTest" */ = {
			isa = XCConfigurationList;
			buildConfigurations = (
				68F05F63298C869800FEDAFD /* Debug */,
				68F05F64298C869800FEDAFD /* Release */,
			);
			defaultConfigurationIsVisible = 0;
			defaultConfigurationName = Release;
		};
/* End XCConfigurationList section */
	};
	rootObject = 68F05F46298C869700FEDAFD /* Project object */;
}
